{
  "name": "Template-TypeScript-NodeJS",
  "version": "1.0.0",
  "lockfileVersion": 1,
  "requires": true,
  "dependencies": {
    "@types/node": {
      "version": "10.9.1",
      "resolved": "https://registry.npmjs.org/@types/node/-/node-10.9.1.tgz",
      "integrity": "sha512-f+qQR5lLCB8UPhtk8Xm8RQvbR4ycD7MOsdiuAEQCYpz44bBx2g7JL0+iYBcjl9J7d0KT1sX2g0VGNeHfw+GXpg=="
    },
    "typescript": {
      "version": "3.1.1",
      "resolved": "https://registry.npmjs.org/typescript/-/typescript-3.1.1.tgz",
      "integrity": "sha512-Veu0w4dTc/9wlWNf2jeRInNodKlcdLgemvPsrNpfu5Pq39sgfFjvIIgTsvUHCoLBnMhPoUA+tFxsXjU6VexVRQ==",
      "dev": true
    }
  }
}
